
Microsoft Visual Studio Solution File, Format Version 12.00
# Visual Studio 15
VisualStudioVersion = 15.0.26730.10
MinimumVisualStudioVersion = 10.0.40219.1
Project("{FAE04EC0-301F-11D3-BF4B-00C04F79EFBC}") = "WhatsappFunVIdeos.Android", "WhatsappFunVIdeos\WhatsappFunVIdeos.Android\WhatsappFunVIdeos.Android.csproj", "{30DD6733-4271-4A17-BA23-25707E5661B6}"
EndProject
Project("{FAE04EC0-301F-11D3-BF4B-00C04F79EFBC}") = "WhatsappFunVIdeos", "WhatsappFunVIdeos\WhatsappFunVIdeos\WhatsappFunVIdeos.csproj", "{80CB6F26-8933-4147-9B67-791807F0413B}"
EndProject
Project("{FAE04EC0-301F-11D3-BF4B-00C04F79EFBC}") = "WhatsappFunVIdeos.UWP", "WhatsappFunVIdeos\WhatsappFunVIdeos.UWP\WhatsappFunVIdeos.UWP.csproj", "{B39AB563-45FE-4C45-8B18-9035C16E45CE}"
EndProject
Project("{FAE04EC0-301F-11D3-BF4B-00C04F79EFBC}") = "WhatsappFunVIdeos.iOS", "WhatsappFunVIdeos\WhatsappFunVIdeos.iOS\WhatsappFunVIdeos.iOS.csproj", "{96801928-E4BD-4C32-9438-EC087E6B06EE}"
EndProject
Global
	GlobalSection(SolutionConfigurationPlatforms) = preSolution
		Ad-Hoc|Any CPU = Ad-Hoc|Any CPU
		Ad-Hoc|ARM = Ad-Hoc|ARM
		Ad-Hoc|iPhone = Ad-Hoc|iPhone
		Ad-Hoc|iPhoneSimulator = Ad-Hoc|iPhoneSimulator
		Ad-Hoc|x64 = Ad-Hoc|x64
		Ad-Hoc|x86 = Ad-Hoc|x86
		AppStore|Any CPU = AppStore|Any CPU
		AppStore|ARM = AppStore|ARM
		AppStore|iPhone = AppStore|iPhone
		AppStore|iPhoneSimulator = AppStore|iPhoneSimulator
		AppStore|x64 = AppStore|x64
		AppStore|x86 = AppStore|x86
		Debug|Any CPU = Debug|Any CPU
		Debug|ARM = Debug|ARM
		Debug|iPhone = Debug|iPhone
		Debug|iPhoneSimulator = Debug|iPhoneSimulator
		Debug|x64 = Debug|x64
		Debug|x86 = Debug|x86
		Release|Any CPU = Release|Any CPU
		Release|ARM = Release|ARM
		Release|iPhone = Release|iPhone
		Release|iPhoneSimulator = Release|iPhoneSimulator
		Release|x64 = Release|x64
		Release|x86 = Release|x86
	EndGlobalSection
	GlobalSection(ProjectConfigurationPlatforms) = postSolution
		{30DD6733-4271-4A17-BA23-25707E5661B6}.Ad-Hoc|Any CPU.ActiveCfg = Release|Any CPU
		{30DD6733-4271-4A17-BA23-25707E5661B6}.Ad-Hoc|Any CPU.Build.0 = Release|Any CPU
		{30DD6733-4271-4A17-BA23-25707E5661B6}.Ad-Hoc|Any CPU.Deploy.0 = Release|Any CPU
		{30DD6733-4271-4A17-BA23-25707E5661B6}.Ad-Hoc|ARM.ActiveCfg = Release|Any CPU
		{30DD6733-4271-4A17-BA23-25707E5661B6}.Ad-Hoc|ARM.Build.0 = Release|Any CPU
		{30DD6733-4271-4A17-BA23-25707E5661B6}.Ad-Hoc|ARM.Deploy.0 = Release|Any CPU
		{30DD6733-4271-4A17-BA23-25707E5661B6}.Ad-Hoc|iPhone.ActiveCfg = Release|Any CPU
		{30DD6733-4271-4A17-BA23-25707E5661B6}.Ad-Hoc|iPhone.Build.0 = Release|Any CPU
		{30DD6733-4271-4A17-BA23-25707E5661B6}.Ad-Hoc|iPhone.Deploy.0 = Release|Any CPU
		{30DD6733-4271-4A17-BA23-25707E5661B6}.Ad-Hoc|iPhoneSimulator.ActiveCfg = Release|Any CPU
		{30DD6733-4271-4A17-BA23-25707E5661B6}.Ad-Hoc|iPhoneSimulator.Build.0 = Release|Any CPU
		{30DD6733-4271-4A17-BA23-25707E5661B6}.Ad-Hoc|iPhoneSimulator.Deploy.0 = Release|Any CPU
		{30DD6733-4271-4A17-BA23-25707E5661B6}.Ad-Hoc|x64.ActiveCfg = Release|Any CPU
		{30DD6733-4271-4A17-BA23-25707E5661B6}.Ad-Hoc|x64.Build.0 = Release|Any CPU
		{30DD6733-4271-4A17-BA23-25707E5661B6}.Ad-Hoc|x64.Deploy.0 = Release|Any CPU
		{30DD6733-4271-4A17-BA23-25707E5661B6}.Ad-Hoc|x86.ActiveCfg = Release|Any CPU
		{30DD6733-4271-4A17-BA23-25707E5661B6}.Ad-Hoc|x86.Build.0 = Release|Any CPU
		{30DD6733-4271-4A17-BA23-25707E5661B6}.Ad-Hoc|x86.Deploy.0 = Release|Any CPU
		{30DD6733-4271-4A17-BA23-25707E5661B6}.AppStore|Any CPU.ActiveCfg = Release|Any CPU
		{30DD6733-4271-4A17-BA23-25707E5661B6}.AppStore|Any CPU.Build.0 = Release|Any CPU
		{30DD6733-4271-4A17-BA23-25707E5661B6}.AppStore|Any CPU.Deploy.0 = Release|Any CPU
		{30DD6733-4271-4A17-BA23-25707E5661B6}.AppStore|ARM.ActiveCfg = Release|Any CPU
		{30DD6733-4271-4A17-BA23-25707E5661B6}.AppStore|ARM.Build.0 = Release|Any CPU
		{30DD6733-4271-4A17-BA23-25707E5661B6}.AppStore|ARM.Deploy.0 = Release|Any CPU
		{30DD6733-4271-4A17-BA23-25707E5661B6}.AppStore|iPhone.ActiveCfg = Release|Any CPU
		{30DD6733-4271-4A17-BA23-25707E5661B6}.AppStore|iPhone.Build.0 = Release|Any CPU
		{30DD6733-4271-4A17-BA23-25707E5661B6}.AppStore|iPhone.Deploy.0 = Release|Any CPU
		{30DD6733-4271-4A17-BA23-25707E5661B6}.AppStore|iPhoneSimulator.ActiveCfg = Release|Any CPU
		{30DD6733-4271-4A17-BA23-25707E5661B6}.AppStore|iPhoneSimulator.Build.0 = Release|Any CPU
		{30DD6733-4271-4A17-BA23-25707E5661B6}.AppStore|iPhoneSimulator.Deploy.0 = Release|Any CPU
		{30DD6733-4271-4A17-BA23-25707E5661B6}.AppStore|x64.ActiveCfg = Release|Any CPU
		{30DD6733-4271-4A17-BA23-25707E5661B6}.AppStore|x64.Build.0 = Release|Any CPU
		{30DD6733-4271-4A17-BA23-25707E5661B6}.AppStore|x64.Deploy.0 = Release|Any CPU
		{30DD6733-4271-4A17-BA23-25707E5661B6}.AppStore|x86.ActiveCfg = Release|Any CPU
		{30DD6733-4271-4A17-BA23-25707E5661B6}.AppStore|x86.Build.0 = Release|Any CPU
		{30DD6733-4271-4A17-BA23-25707E5661B6}.AppStore|x86.Deploy.0 = Release|Any CPU
		{30DD6733-4271-4A17-BA23-25707E5661B6}.Debug|Any CPU.ActiveCfg = Debug|Any CPU
		{30DD6733-4271-4A17-BA23-25707E5661B6}.Debug|Any CPU.Build.0 = Debug|Any CPU
		{30DD6733-4271-4A17-BA23-25707E5661B6}.Debug|Any CPU.Deploy.0 = Debug|Any CPU
		{30DD6733-4271-4A17-BA23-25707E5661B6}.Debug|ARM.ActiveCfg = Debug|Any CPU
		{30DD6733-4271-4A17-BA23-25707E5661B6}.Debug|ARM.Build.0 = Debug|Any CPU
		{30DD6733-4271-4A17-BA23-25707E5661B6}.Debug|ARM.Deploy.0 = Debug|Any CPU
		{30DD6733-4271-4A17-BA23-25707E5661B6}.Debug|iPhone.ActiveCfg = Debug|Any CPU
		{30DD6733-4271-4A17-BA23-25707E5661B6}.Debug|iPhone.Build.0 = Debug|Any CPU
		{30DD6733-4271-4A17-BA23-25707E5661B6}.Debug|iPhone.Deploy.0 = Debug|Any CPU
		{30DD6733-4271-4A17-BA23-25707E5661B6}.Debug|iPhoneSimulator.ActiveCfg = Debug|Any CPU
		{30DD6733-4271-4A17-BA23-25707E5661B6}.Debug|iPhoneSimulator.Build.0 = Debug|Any CPU
		{30DD6733-4271-4A17-BA23-25707E5661B6}.Debug|iPhoneSimulator.Deploy.0 = Debug|Any CPU
		{30DD6733-4271-4A17-BA23-25707E5661B6}.Debug|x64.ActiveCfg = Debug|Any CPU
		{30DD6733-4271-4A17-BA23-25707E5661B6}.Debug|x64.Build.0 = Debug|Any CPU
		{30DD6733-4271-4A17-BA23-25707E5661B6}.Debug|x64.Deploy.0 = Debug|Any CPU
		{30DD6733-4271-4A17-BA23-25707E5661B6}.Debug|x86.ActiveCfg = Debug|Any CPU
		{30DD6733-4271-4A17-BA23-25707E5661B6}.Debug|x86.Build.0 = Debug|Any CPU
		{30DD6733-4271-4A17-BA23-25707E5661B6}.Debug|x86.Deploy.0 = Debug|Any CPU
		{30DD6733-4271-4A17-BA23-25707E5661B6}.Release|Any CPU.ActiveCfg = Release|Any CPU
		{30DD6733-4271-4A17-BA23-25707E5661B6}.Release|Any CPU.Build.0 = Release|Any CPU
		{30DD6733-4271-4A17-BA23-25707E5661B6}.Release|Any CPU.Deploy.0 = Release|Any CPU
		{30DD6733-4271-4A17-BA23-25707E5661B6}.Release|ARM.ActiveCfg = Release|Any CPU
		{30DD6733-4271-4A17-BA23-25707E5661B6}.Release|ARM.Build.0 = Release|Any CPU
		{30DD6733-4271-4A17-BA23-25707E5661B6}.Release|ARM.Deploy.0 = Release|Any CPU
		{30DD6733-4271-4A17-BA23-25707E5661B6}.Release|iPhone.ActiveCfg = Release|Any CPU
		{30DD6733-4271-4A17-BA23-25707E5661B6}.Release|iPhone.Build.0 = Release|Any CPU
		{30DD6733-4271-4A17-BA23-25707E5661B6}.Release|iPhone.Deploy.0 = Release|Any CPU
		{30DD6733-4271-4A17-BA23-25707E5661B6}.Release|iPhoneSimulator.ActiveCfg = Release|Any CPU
		{30DD6733-4271-4A17-BA23-25707E5661B6}.Release|iPhoneSimulator.Build.0 = Release|Any CPU
		{30DD6733-4271-4A17-BA23-25707E5661B6}.Release|iPhoneSimulator.Deploy.0 = Release|Any CPU
		{30DD6733-4271-4A17-BA23-25707E5661B6}.Release|x64.ActiveCfg = Release|Any CPU
		{30DD6733-4271-4A17-BA23-25707E5661B6}.Release|x64.Build.0 = Release|Any CPU
		{30DD6733-4271-4A17-BA23-25707E5661B6}.Release|x64.Deploy.0 = Release|Any CPU
		{30DD6733-4271-4A17-BA23-25707E5661B6}.Release|x86.ActiveCfg = Release|Any CPU
		{30DD6733-4271-4A17-BA23-25707E5661B6}.Release|x86.Build.0 = Release|Any CPU
		{30DD6733-4271-4A17-BA23-25707E5661B6}.Release|x86.Deploy.0 = Release|Any CPU
		{80CB6F26-8933-4147-9B67-791807F0413B}.Ad-Hoc|Any CPU.ActiveCfg = Release|Any CPU
		{80CB6F26-8933-4147-9B67-791807F0413B}.Ad-Hoc|Any CPU.Build.0 = Release|Any CPU
		{80CB6F26-8933-4147-9B67-791807F0413B}.Ad-Hoc|ARM.ActiveCfg = Release|Any CPU
		{80CB6F26-8933-4147-9B67-791807F0413B}.Ad-Hoc|ARM.Build.0 = Release|Any CPU
		{80CB6F26-8933-4147-9B67-791807F0413B}.Ad-Hoc|iPhone.ActiveCfg = Release|Any CPU
		{80CB6F26-8933-4147-9B67-791807F0413B}.Ad-Hoc|iPhone.Build.0 = Release|Any CPU
		{80CB6F26-8933-4147-9B67-791807F0413B}.Ad-Hoc|iPhoneSimulator.ActiveCfg = Release|Any CPU
		{80CB6F26-8933-4147-9B67-791807F0413B}.Ad-Hoc|iPhoneSimulator.Build.0 = Release|Any CPU
		{80CB6F26-8933-4147-9B67-791807F0413B}.Ad-Hoc|x64.ActiveCfg = Release|Any CPU
		{80CB6F26-8933-4147-9B67-791807F0413B}.Ad-Hoc|x64.Build.0 = Release|Any CPU
		{80CB6F26-8933-4147-9B67-791807F0413B}.Ad-Hoc|x86.ActiveCfg = Release|Any CPU
		{80CB6F26-8933-4147-9B67-791807F0413B}.Ad-Hoc|x86.Build.0 = Release|Any CPU
		{80CB6F26-8933-4147-9B67-791807F0413B}.AppStore|Any CPU.ActiveCfg = Release|Any CPU
		{80CB6F26-8933-4147-9B67-791807F0413B}.AppStore|Any CPU.Build.0 = Release|Any CPU
		{80CB6F26-8933-4147-9B67-791807F0413B}.AppStore|ARM.ActiveCfg = Release|Any CPU
		{80CB6F26-8933-4147-9B67-791807F0413B}.AppStore|ARM.Build.0 = Release|Any CPU
		{80CB6F26-8933-4147-9B67-791807F0413B}.AppStore|iPhone.ActiveCfg = Release|Any CPU
		{80CB6F26-8933-4147-9B67-791807F0413B}.AppStore|iPhone.Build.0 = Release|Any CPU
		{80CB6F26-8933-4147-9B67-791807F0413B}.AppStore|iPhoneSimulator.ActiveCfg = Release|Any CPU
		{80CB6F26-8933-4147-9B67-791807F0413B}.AppStore|iPhoneSimulator.Build.0 = Release|Any CPU
		{80CB6F26-8933-4147-9B67-791807F0413B}.AppStore|x64.ActiveCfg = Release|Any CPU
		{80CB6F26-8933-4147-9B67-791807F0413B}.AppStore|x64.Build.0 = Release|Any CPU
		{80CB6F26-8933-4147-9B67-791807F0413B}.AppStore|x86.ActiveCfg = Release|Any CPU
		{80CB6F26-8933-4147-9B67-791807F0413B}.AppStore|x86.Build.0 = Release|Any CPU
		{80CB6F26-8933-4147-9B67-791807F0413B}.Debug|Any CPU.ActiveCfg = Debug|Any CPU
		{80CB6F26-8933-4147-9B67-791807F0413B}.Debug|Any CPU.Build.0 = Debug|Any CPU
		{80CB6F26-8933-4147-9B67-791807F0413B}.Debug|ARM.ActiveCfg = Debug|Any CPU
		{80CB6F26-8933-4147-9B67-791807F0413B}.Debug|ARM.Build.0 = Debug|Any CPU
		{80CB6F26-8933-4147-9B67-791807F0413B}.Debug|iPhone.ActiveCfg = Debug|Any CPU
		{80CB6F26-8933-4147-9B67-791807F0413B}.Debug|iPhone.Build.0 = Debug|Any CPU
		{80CB6F26-8933-4147-9B67-791807F0413B}.Debug|iPhoneSimulator.ActiveCfg = Debug|Any CPU
		{80CB6F26-8933-4147-9B67-791807F0413B}.Debug|iPhoneSimulator.Build.0 = Debug|Any CPU
		{80CB6F26-8933-4147-9B67-791807F0413B}.Debug|x64.ActiveCfg = Debug|Any CPU
		{80CB6F26-8933-4147-9B67-791807F0413B}.Debug|x64.Build.0 = Debug|Any CPU
		{80CB6F26-8933-4147-9B67-791807F0413B}.Debug|x86.ActiveCfg = Debug|Any CPU
		{80CB6F26-8933-4147-9B67-791807F0413B}.Debug|x86.Build.0 = Debug|Any CPU
		{80CB6F26-8933-4147-9B67-791807F0413B}.Release|Any CPU.ActiveCfg = Release|Any CPU
		{80CB6F26-8933-4147-9B67-791807F0413B}.Release|Any CPU.Build.0 = Release|Any CPU
		{80CB6F26-8933-4147-9B67-791807F0413B}.Release|ARM.ActiveCfg = Release|Any CPU
		{80CB6F26-8933-4147-9B67-791807F0413B}.Release|ARM.Build.0 = Release|Any CPU
		{80CB6F26-8933-4147-9B67-791807F0413B}.Release|iPhone.ActiveCfg = Release|Any CPU
		{80CB6F26-8933-4147-9B67-791807F0413B}.Release|iPhone.Build.0 = Release|Any CPU
		{80CB6F26-8933-4147-9B67-791807F0413B}.Release|iPhoneSimulator.ActiveCfg = Release|Any CPU
		{80CB6F26-8933-4147-9B67-791807F0413B}.Release|iPhoneSimulator.Build.0 = Release|Any CPU
		{80CB6F26-8933-4147-9B67-791807F0413B}.Release|x64.ActiveCfg = Release|Any CPU
		{80CB6F26-8933-4147-9B67-791807F0413B}.Release|x64.Build.0 = Release|Any CPU
		{80CB6F26-8933-4147-9B67-791807F0413B}.Release|x86.ActiveCfg = Release|Any CPU
		{80CB6F26-8933-4147-9B67-791807F0413B}.Release|x86.Build.0 = Release|Any CPU
		{B39AB563-45FE-4C45-8B18-9035C16E45CE}.Ad-Hoc|Any CPU.ActiveCfg = Release|x86
		{B39AB563-45FE-4C45-8B18-9035C16E45CE}.Ad-Hoc|Any CPU.Build.0 = Release|x86
		{B39AB563-45FE-4C45-8B18-9035C16E45CE}.Ad-Hoc|Any CPU.Deploy.0 = Release|x86
		{B39AB563-45FE-4C45-8B18-9035C16E45CE}.Ad-Hoc|ARM.ActiveCfg = Release|ARM
		{B39AB563-45FE-4C45-8B18-9035C16E45CE}.Ad-Hoc|ARM.Build.0 = Release|ARM
		{B39AB563-45FE-4C45-8B18-9035C16E45CE}.Ad-Hoc|ARM.Deploy.0 = Release|ARM
		{B39AB563-45FE-4C45-8B18-9035C16E45CE}.Ad-Hoc|iPhone.ActiveCfg = Release|x86
		{B39AB563-45FE-4C45-8B18-9035C16E45CE}.Ad-Hoc|iPhone.Build.0 = Release|x86
		{B39AB563-45FE-4C45-8B18-9035C16E45CE}.Ad-Hoc|iPhone.Deploy.0 = Release|x86
		{B39AB563-45FE-4C45-8B18-9035C16E45CE}.Ad-Hoc|iPhoneSimulator.ActiveCfg = Release|x86
		{B39AB563-45FE-4C45-8B18-9035C16E45CE}.Ad-Hoc|iPhoneSimulator.Build.0 = Release|x86
		{B39AB563-45FE-4C45-8B18-9035C16E45CE}.Ad-Hoc|iPhoneSimulator.Deploy.0 = Release|x86
		{B39AB563-45FE-4C45-8B18-9035C16E45CE}.Ad-Hoc|x64.ActiveCfg = Release|x64
		{B39AB563-45FE-4C45-8B18-9035C16E45CE}.Ad-Hoc|x64.Build.0 = Release|x64
		{B39AB563-45FE-4C45-8B18-9035C16E45CE}.Ad-Hoc|x64.Deploy.0 = Release|x64
		{B39AB563-45FE-4C45-8B18-9035C16E45CE}.Ad-Hoc|x86.ActiveCfg = Release|x86
		{B39AB563-45FE-4C45-8B18-9035C16E45CE}.Ad-Hoc|x86.Build.0 = Release|x86
		{B39AB563-45FE-4C45-8B18-9035C16E45CE}.Ad-Hoc|x86.Deploy.0 = Release|x86
		{B39AB563-45FE-4C45-8B18-9035C16E45CE}.AppStore|Any CPU.ActiveCfg = Release|x86
		{B39AB563-45FE-4C45-8B18-9035C16E45CE}.AppStore|Any CPU.Build.0 = Release|x86
		{B39AB563-45FE-4C45-8B18-9035C16E45CE}.AppStore|Any CPU.Deploy.0 = Release|x86
		{B39AB563-45FE-4C45-8B18-9035C16E45CE}.AppStore|ARM.ActiveCfg = Release|ARM
		{B39AB563-45FE-4C45-8B18-9035C16E45CE}.AppStore|ARM.Build.0 = Release|ARM
		{B39AB563-45FE-4C45-8B18-9035C16E45CE}.AppStore|ARM.Deploy.0 = Release|ARM
		{B39AB563-45FE-4C45-8B18-9035C16E45CE}.AppStore|iPhone.ActiveCfg = Release|x86
		{B39AB563-45FE-4C45-8B18-9035C16E45CE}.AppStore|iPhone.Build.0 = Release|x86
		{B39AB563-45FE-4C45-8B18-9035C16E45CE}.AppStore|iPhone.Deploy.0 = Release|x86
		{B39AB563-45FE-4C45-8B18-9035C16E45CE}.AppStore|iPhoneSimulator.ActiveCfg = Release|x86
		{B39AB563-45FE-4C45-8B18-9035C16E45CE}.AppStore|iPhoneSimulator.Build.0 = Release|x86
		{B39AB563-45FE-4C45-8B18-9035C16E45CE}.AppStore|iPhoneSimulator.Deploy.0 = Release|x86
		{B39AB563-45FE-4C45-8B18-9035C16E45CE}.AppStore|x64.ActiveCfg = Release|x64
		{B39AB563-45FE-4C45-8B18-9035C16E45CE}.AppStore|x64.Build.0 = Release|x64
		{B39AB563-45FE-4C45-8B18-9035C16E45CE}.AppStore|x64.Deploy.0 = Release|x64
		{B39AB563-45FE-4C45-8B18-9035C16E45CE}.AppStore|x86.ActiveCfg = Release|x86
		{B39AB563-45FE-4C45-8B18-9035C16E45CE}.AppStore|x86.Build.0 = Release|x86
		{B39AB563-45FE-4C45-8B18-9035C16E45CE}.AppStore|x86.Deploy.0 = Release|x86
		{B39AB563-45FE-4C45-8B18-9035C16E45CE}.Debug|Any CPU.ActiveCfg = Debug|x86
		{B39AB563-45FE-4C45-8B18-9035C16E45CE}.Debug|ARM.ActiveCfg = Debug|ARM
		{B39AB563-45FE-4C45-8B18-9035C16E45CE}.Debug|ARM.Build.0 = Debug|ARM
		{B39AB563-45FE-4C45-8B18-9035C16E45CE}.Debug|ARM.Deploy.0 = Debug|ARM
		{B39AB563-45FE-4C45-8B18-9035C16E45CE}.Debug|iPhone.ActiveCfg = Debug|x86
		{B39AB563-45FE-4C45-8B18-9035C16E45CE}.Debug|iPhoneSimulator.ActiveCfg = Debug|x86
		{B39AB563-45FE-4C45-8B18-9035C16E45CE}.Debug|x64.ActiveCfg = Debug|x64
		{B39AB563-45FE-4C45-8B18-9035C16E45CE}.Debug|x64.Build.0 = Debug|x64
		{B39AB563-45FE-4C45-8B18-9035C16E45CE}.Debug|x64.Deploy.0 = Debug|x64
		{B39AB563-45FE-4C45-8B18-9035C16E45CE}.Debug|x86.ActiveCfg = Debug|x86
		{B39AB563-45FE-4C45-8B18-9035C16E45CE}.Debug|x86.Build.0 = Debug|x86
		{B39AB563-45FE-4C45-8B18-9035C16E45CE}.Debug|x86.Deploy.0 = Debug|x86
		{B39AB563-45FE-4C45-8B18-9035C16E45CE}.Release|Any CPU.ActiveCfg = Release|x86
		{B39AB563-45FE-4C45-8B18-9035C16E45CE}.Release|ARM.ActiveCfg = Release|ARM
		{B39AB563-45FE-4C45-8B18-9035C16E45CE}.Release|ARM.Build.0 = Release|ARM
		{B39AB563-45FE-4C45-8B18-9035C16E45CE}.Release|ARM.Deploy.0 = Release|ARM
		{B39AB563-45FE-4C45-8B18-9035C16E45CE}.Release|iPhone.ActiveCfg = Release|x86
		{B39AB563-45FE-4C45-8B18-9035C16E45CE}.Release|iPhoneSimulator.ActiveCfg = Release|x86
		{B39AB563-45FE-4C45-8B18-9035C16E45CE}.Release|x64.ActiveCfg = Release|x64
		{B39AB563-45FE-4C45-8B18-9035C16E45CE}.Release|x64.Build.0 = Release|x64
		{B39AB563-45FE-4C45-8B18-9035C16E45CE}.Release|x64.Deploy.0 = Release|x64
		{B39AB563-45FE-4C45-8B18-9035C16E45CE}.Release|x86.ActiveCfg = Release|x86
		{B39AB563-45FE-4C45-8B18-9035C16E45CE}.Release|x86.Build.0 = Release|x86
		{B39AB563-45FE-4C45-8B18-9035C16E45CE}.Release|x86.Deploy.0 = Release|x86
		{96801928-E4BD-4C32-9438-EC087E6B06EE}.Ad-Hoc|Any CPU.ActiveCfg = Ad-Hoc|iPhone
		{96801928-E4BD-4C32-9438-EC087E6B06EE}.Ad-Hoc|ARM.ActiveCfg = Ad-Hoc|iPhone
		{96801928-E4BD-4C32-9438-EC087E6B06EE}.Ad-Hoc|iPhone.ActiveCfg = Ad-Hoc|iPhone
		{96801928-E4BD-4C32-9438-EC087E6B06EE}.Ad-Hoc|iPhone.Build.0 = Ad-Hoc|iPhone
		{96801928-E4BD-4C32-9438-EC087E6B06EE}.Ad-Hoc|iPhoneSimulator.ActiveCfg = Ad-Hoc|iPhoneSimulator
		{96801928-E4BD-4C32-9438-EC087E6B06EE}.Ad-Hoc|iPhoneSimulator.Build.0 = Ad-Hoc|iPhoneSimulator
		{96801928-E4BD-4C32-9438-EC087E6B06EE}.Ad-Hoc|x64.ActiveCfg = Ad-Hoc|iPhone
		{96801928-E4BD-4C32-9438-EC087E6B06EE}.Ad-Hoc|x86.ActiveCfg = Ad-Hoc|iPhone
		{96801928-E4BD-4C32-9438-EC087E6B06EE}.AppStore|Any CPU.ActiveCfg = AppStore|iPhone
		{96801928-E4BD-4C32-9438-EC087E6B06EE}.AppStore|ARM.ActiveCfg = AppStore|iPhone
		{96801928-E4BD-4C32-9438-EC087E6B06EE}.AppStore|iPhone.ActiveCfg = AppStore|iPhone
		{96801928-E4BD-4C32-9438-EC087E6B06EE}.AppStore|iPhone.Build.0 = AppStore|iPhone
		{96801928-E4BD-4C32-9438-EC087E6B06EE}.AppStore|iPhoneSimulator.ActiveCfg = AppStore|iPhoneSimulator
		{96801928-E4BD-4C32-9438-EC087E6B06EE}.AppStore|iPhoneSimulator.Build.0 = AppStore|iPhoneSimulator
		{96801928-E4BD-4C32-9438-EC087E6B06EE}.AppStore|x64.ActiveCfg = AppStore|iPhone
		{96801928-E4BD-4C32-9438-EC087E6B06EE}.AppStore|x86.ActiveCfg = AppStore|iPhone
		{96801928-E4BD-4C32-9438-EC087E6B06EE}.Debug|Any CPU.ActiveCfg = Debug|iPhone
		{96801928-E4BD-4C32-9438-EC087E6B06EE}.Debug|ARM.ActiveCfg = Debug|iPhone
		{96801928-E4BD-4C32-9438-EC087E6B06EE}.Debug|iPhone.ActiveCfg = Debug|iPhone
		{96801928-E4BD-4C32-9438-EC087E6B06EE}.Debug|iPhone.Build.0 = Debug|iPhone
		{96801928-E4BD-4C32-9438-EC087E6B06EE}.Debug|iPhoneSimulator.ActiveCfg = Debug|iPhoneSimulator
		{96801928-E4BD-4C32-9438-EC087E6B06EE}.Debug|iPhoneSimulator.Build.0 = Debug|iPhoneSimulator
		{96801928-E4BD-4C32-9438-EC087E6B06EE}.Debug|x64.ActiveCfg = Debug|iPhone
		{96801928-E4BD-4C32-9438-EC087E6B06EE}.Debug|x86.ActiveCfg = Debug|iPhone
		{96801928-E4BD-4C32-9438-EC087E6B06EE}.Release|Any CPU.ActiveCfg = Release|iPhone
		{96801928-E4BD-4C32-9438-EC087E6B06EE}.Release|ARM.ActiveCfg = Release|iPhone
		{96801928-E4BD-4C32-9438-EC087E6B06EE}.Release|iPhone.ActiveCfg = Release|iPhone
		{96801928-E4BD-4C32-9438-EC087E6B06EE}.Release|iPhone.Build.0 = Release|iPhone
		{96801928-E4BD-4C32-9438-EC087E6B06EE}.Release|iPhoneSimulator.ActiveCfg = Release|iPhoneSimulator
		{96801928-E4BD-4C32-9438-EC087E6B06EE}.Release|iPhoneSimulator.Build.0 = Release|iPhoneSimulator
		{96801928-E4BD-4C32-9438-EC087E6B06EE}.Release|x64.ActiveCfg = Release|iPhone
		{96801928-E4BD-4C32-9438-EC087E6B06EE}.Release|x86.ActiveCfg = Release|iPhone
	EndGlobalSection
	GlobalSection(SolutionProperties) = preSolution
		HideSolutionNode = FALSE
	EndGlobalSection
	GlobalSection(ExtensibilityGlobals) = postSolution
		SolutionGuid = {0405E286-4AF4-4DDB-BE11-B930C6E77B43}
	EndGlobalSection
EndGlobal
